
Microsoft Visual Studio Solution File, Format Version 12.00
# Visual Studio Version 17
VisualStudioVersion = 17.2.32505.173
MinimumVisualStudioVersion = 10.0.40219.1
Project("{FAE04EC0-301F-11D3-BF4B-00C04F79EFBC}") = "BotShopee", "BotShopee.csproj", "{834969E5-80EB-413B-A3ED-AABA06D8FEBA}"
EndProject
Global
	GlobalSection(SolutionConfigurationPlatforms) = preSolution
		Debug|Any CPU = Debug|Any CPU
		Release|Any CPU = Release|Any CPU
	EndGlobalSection
	GlobalSection(ProjectConfigurationPlatforms) = postSolution
		{834969E5-80EB-413B-A3ED-AABA06D8FEBA}.Debug|Any CPU.ActiveCfg = Debug|Any CPU
		{834969E5-80EB-413B-A3ED-AABA06D8FEBA}.Debug|Any CPU.Build.0 = Debug|Any CPU
		{834969E5-80EB-413B-A3ED-AABA06D8FEBA}.Release|Any CPU.ActiveCfg = Release|Any CPU
		{834969E5-80EB-413B-A3ED-AABA06D8FEBA}.Release|Any CPU.Build.0 = Release|Any CPU
	EndGlobalSection
	GlobalSection(SolutionProperties) = preSolution
		HideSolutionNode = FALSE
	EndGlobalSection
	GlobalSection(ExtensibilityGlobals) = postSolution
		SolutionGuid = {D46014EF-EBD6-4E98-BFF4-DB74E9B42C99}
	EndGlobalSection
EndGlobal
